
Microsoft Visual Studio Solution File, Format Version 12.00
# Visual Studio Version 16
VisualStudioVersion = 16.0.30413.136
MinimumVisualStudioVersion = 10.0.40219.1
Project("{2150E333-8FDC-42A3-9474-1A3956D46DE8}") = "src", "src", "{CE0341C3-9CC5-4DE9-803E-68599F4E21DD}"
EndProject
Project("{2150E333-8FDC-42A3-9474-1A3956D46DE8}") = "test", "test", "{57B323ED-10A2-4CEE-9969-9CA8EBB9AE7E}"
EndProject
Project("{FAE04EC0-301F-11D3-BF4B-00C04F79EFBC}") = "Epilepsy_Health_App.Services.Users.Api", "src\Epilepsy_Health_App.Services.Users.Api\Epilepsy_Health_App.Services.Users.Api.csproj", "{C67E9D8F-AFBB-46D7-93BA-128C5EEB613F}"
EndProject
Project("{FAE04EC0-301F-11D3-BF4B-00C04F79EFBC}") = "Epilepsy_Health_App.Services.Users.Core", "src\Epilepsy_Health_App.Services.Users.Core\Epilepsy_Health_App.Services.Users.Core.csproj", "{8ABFAD31-4793-4BC7-9D85-3FA793B473E4}"
EndProject
Project("{FAE04EC0-301F-11D3-BF4B-00C04F79EFBC}") = "Epilepsy_Health_App.Services.Users.Application", "src\Epilepsy_Health_App.Services.Users.Application\Epilepsy_Health_App.Services.Users.Application.csproj", "{2D46F5EE-39E8-4C69-B329-274F00597745}"
EndProject
Project("{FAE04EC0-301F-11D3-BF4B-00C04F79EFBC}") = "Epilepsy_Health_App.Services.Users.Infrastructure", "src\Epilepsy_Health_App.Services.Users.Infrastructure\Epilepsy_Health_App.Services.Users.Infrastructure.csproj", "{5BE69434-9D94-4C2A-8969-47BB444CC5A9}"
EndProject
Project("{FAE04EC0-301F-11D3-BF4B-00C04F79EFBC}") = "Epilepsy_Health_App.Services.Users.UnitTest", "test\Epilepsy_Health_App.Services.Users.UnitTest\Epilepsy_Health_App.Services.Users.UnitTest.csproj", "{C5451B27-B9A4-49C8-91F8-201F90225487}"
EndProject
Global
	GlobalSection(SolutionConfigurationPlatforms) = preSolution
		Debug|Any CPU = Debug|Any CPU
		Release|Any CPU = Release|Any CPU
	EndGlobalSection
	GlobalSection(ProjectConfigurationPlatforms) = postSolution
		{C67E9D8F-AFBB-46D7-93BA-128C5EEB613F}.Debug|Any CPU.ActiveCfg = Debug|Any CPU
		{C67E9D8F-AFBB-46D7-93BA-128C5EEB613F}.Debug|Any CPU.Build.0 = Debug|Any CPU
		{C67E9D8F-AFBB-46D7-93BA-128C5EEB613F}.Release|Any CPU.ActiveCfg = Release|Any CPU
		{C67E9D8F-AFBB-46D7-93BA-128C5EEB613F}.Release|Any CPU.Build.0 = Release|Any CPU
		{8ABFAD31-4793-4BC7-9D85-3FA793B473E4}.Debug|Any CPU.ActiveCfg = Debug|Any CPU
		{8ABFAD31-4793-4BC7-9D85-3FA793B473E4}.Debug|Any CPU.Build.0 = Debug|Any CPU
		{8ABFAD31-4793-4BC7-9D85-3FA793B473E4}.Release|Any CPU.ActiveCfg = Release|Any CPU
		{8ABFAD31-4793-4BC7-9D85-3FA793B473E4}.Release|Any CPU.Build.0 = Release|Any CPU
		{2D46F5EE-39E8-4C69-B329-274F00597745}.Debug|Any CPU.ActiveCfg = Debug|Any CPU
		{2D46F5EE-39E8-4C69-B329-274F00597745}.Debug|Any CPU.Build.0 = Debug|Any CPU
		{2D46F5EE-39E8-4C69-B329-274F00597745}.Release|Any CPU.ActiveCfg = Release|Any CPU
		{2D46F5EE-39E8-4C69-B329-274F00597745}.Release|Any CPU.Build.0 = Release|Any CPU
		{5BE69434-9D94-4C2A-8969-47BB444CC5A9}.Debug|Any CPU.ActiveCfg = Debug|Any CPU
		{5BE69434-9D94-4C2A-8969-47BB444CC5A9}.Debug|Any CPU.Build.0 = Debug|Any CPU
		{5BE69434-9D94-4C2A-8969-47BB444CC5A9}.Release|Any CPU.ActiveCfg = Release|Any CPU
		{5BE69434-9D94-4C2A-8969-47BB444CC5A9}.Release|Any CPU.Build.0 = Release|Any CPU
		{C5451B27-B9A4-49C8-91F8-201F90225487}.Debug|Any CPU.ActiveCfg = Debug|Any CPU
		{C5451B27-B9A4-49C8-91F8-201F90225487}.Debug|Any CPU.Build.0 = Debug|Any CPU
		{C5451B27-B9A4-49C8-91F8-201F90225487}.Release|Any CPU.ActiveCfg = Release|Any CPU
		{C5451B27-B9A4-49C8-91F8-201F90225487}.Release|Any CPU.Build.0 = Release|Any CPU
	EndGlobalSection
	GlobalSection(SolutionProperties) = preSolution
		HideSolutionNode = FALSE
	EndGlobalSection
	GlobalSection(NestedProjects) = preSolution
		{C67E9D8F-AFBB-46D7-93BA-128C5EEB613F} = {CE0341C3-9CC5-4DE9-803E-68599F4E21DD}
		{8ABFAD31-4793-4BC7-9D85-3FA793B473E4} = {CE0341C3-9CC5-4DE9-803E-68599F4E21DD}
		{2D46F5EE-39E8-4C69-B329-274F00597745} = {CE0341C3-9CC5-4DE9-803E-68599F4E21DD}
		{5BE69434-9D94-4C2A-8969-47BB444CC5A9} = {CE0341C3-9CC5-4DE9-803E-68599F4E21DD}
		{C5451B27-B9A4-49C8-91F8-201F90225487} = {57B323ED-10A2-4CEE-9969-9CA8EBB9AE7E}
	EndGlobalSection
	GlobalSection(ExtensibilityGlobals) = postSolution
		SolutionGuid = {DA644A16-5AC6-43D5-99CA-9EB892DAD986}
	EndGlobalSection
EndGlobal
